// !$*UTF8*$!
{
	archiveVersion = 1;
	classes = {
	};
	objectVersion = 60;
	objects = {

/* Begin PBXBuildFile section */
		5E9F17E22B80787500A33FED /* AppDelegate.swift in Sources */ = {isa = PBXBuildFile; fileRef = 5E9F17E12B80787500A33FED /* AppDelegate.swift */; };
		5E9F17E42B80787500A33FED /* SceneDelegate.swift in Sources */ = {isa = PBXBuildFile; fileRef = 5E9F17E32B80787500A33FED /* SceneDelegate.swift */; };
		5E9F17E62B80787500A33FED /* JobsViewController.swift in Sources */ = {isa = PBXBuildFile; fileRef = 5E9F17E52B80787500A33FED /* JobsViewController.swift */; };
		5E9F17EB2B80787600A33FED /* Assets.xcassets in Resources */ = {isa = PBXBuildFile; fileRef = 5E9F17EA2B80787600A33FED /* Assets.xcassets */; };
		5E9F17F92B80787600A33FED /* LoginViewModelTests.swift in Sources */ = {isa = PBXBuildFile; fileRef = 5E9F17F82B80787600A33FED /* LoginViewModelTests.swift */; };
		5E9F18032B80787600A33FED /* seekmaxCodetestUITests.swift in Sources */ = {isa = PBXBuildFile; fileRef = 5E9F18022B80787600A33FED /* seekmaxCodetestUITests.swift */; };
		5E9F18052B80787600A33FED /* seekmaxCodetestUITestsLaunchTests.swift in Sources */ = {isa = PBXBuildFile; fileRef = 5E9F18042B80787600A33FED /* seekmaxCodetestUITestsLaunchTests.swift */; };
		5E9F18122B807EBD00A33FED /* TabBarViewController.swift in Sources */ = {isa = PBXBuildFile; fileRef = 5E9F18112B807EBD00A33FED /* TabBarViewController.swift */; };
		5E9F18152B807F7E00A33FED /* ProfileViewController.swift in Sources */ = {isa = PBXBuildFile; fileRef = 5E9F18142B807F7E00A33FED /* ProfileViewController.swift */; };
		5E9F18172B807FD900A33FED /* AppliedJobsViewController.swift in Sources */ = {isa = PBXBuildFile; fileRef = 5E9F18162B807FD900A33FED /* AppliedJobsViewController.swift */; };
		5E9F18192B807FF300A33FED /* LoginViewController.swift in Sources */ = {isa = PBXBuildFile; fileRef = 5E9F18182B807FF300A33FED /* LoginViewController.swift */; };
		5E9F181C2B80A96600A33FED /* Apollo in Frameworks */ = {isa = PBXBuildFile; productRef = 5E9F181B2B80A96600A33FED /* Apollo */; };
		5E9F18202B80A96600A33FED /* ApolloAPI in Frameworks */ = {isa = PBXBuildFile; productRef = 5E9F181F2B80A96600A33FED /* ApolloAPI */; };
		5E9F18222B80A96600A33FED /* ApolloSQLite in Frameworks */ = {isa = PBXBuildFile; productRef = 5E9F18212B80A96600A33FED /* ApolloSQLite */; };
		5E9F18242B80A96600A33FED /* ApolloTestSupport in Frameworks */ = {isa = PBXBuildFile; productRef = 5E9F18232B80A96600A33FED /* ApolloTestSupport */; };
		5E9F18272B80A9AA00A33FED /* ApolloWebSocket in Frameworks */ = {isa = PBXBuildFile; productRef = 5E9F18262B80A9AA00A33FED /* ApolloWebSocket */; };
		5E9F182B2B8128F700A33FED /* LoginService.swift in Sources */ = {isa = PBXBuildFile; fileRef = 5E9F182A2B8128F700A33FED /* LoginService.swift */; };
		5E9F18322B812B8E00A33FED /* NetworkClient.swift in Sources */ = {isa = PBXBuildFile; fileRef = 5E9F18312B812B8E00A33FED /* NetworkClient.swift */; };
		5EBE653B2B81F9FC00C9EE04 /* Extension+Autolayout.swift in Sources */ = {isa = PBXBuildFile; fileRef = 5EBE653A2B81F9FC00C9EE04 /* Extension+Autolayout.swift */; };
		5EBE653F2B81FEC700C9EE04 /* Theme.swift in Sources */ = {isa = PBXBuildFile; fileRef = 5EBE653E2B81FEC700C9EE04 /* Theme.swift */; };
		5EBE65432B8207FD00C9EE04 /* Extension+Color.swift in Sources */ = {isa = PBXBuildFile; fileRef = 5EBE65422B8207FD00C9EE04 /* Extension+Color.swift */; };
		5EBE65452B82570D00C9EE04 /* AppCoordinator.swift in Sources */ = {isa = PBXBuildFile; fileRef = 5EBE65442B82570D00C9EE04 /* AppCoordinator.swift */; };
		5EBE654C2B825BA000C9EE04 /* LoginViewModel.swift in Sources */ = {isa = PBXBuildFile; fileRef = 5EBE654B2B825BA000C9EE04 /* LoginViewModel.swift */; };
		5EBE65502B8260DF00C9EE04 /* KeychainSwift in Frameworks */ = {isa = PBXBuildFile; productRef = 5EBE654F2B8260DF00C9EE04 /* KeychainSwift */; };
		5EBE65522B82E72900C9EE04 /* KeychainWrapper.swift in Sources */ = {isa = PBXBuildFile; fileRef = 5EBE65512B82E72900C9EE04 /* KeychainWrapper.swift */; };
		5EBE65542B82ED9400C9EE04 /* Constant.swift in Sources */ = {isa = PBXBuildFile; fileRef = 5EBE65532B82ED9400C9EE04 /* Constant.swift */; };
		5EBE65562B8312F600C9EE04 /* LoginCoordinator.swift in Sources */ = {isa = PBXBuildFile; fileRef = 5EBE65552B8312F600C9EE04 /* LoginCoordinator.swift */; };
		5EBE65592B833C2800C9EE04 /* MockLoginService.swift in Sources */ = {isa = PBXBuildFile; fileRef = 5EBE65582B833C2800C9EE04 /* MockLoginService.swift */; };
		5EBE655B2B833C3500C9EE04 /* MockKeychain.swift in Sources */ = {isa = PBXBuildFile; fileRef = 5EBE655A2B833C3500C9EE04 /* MockKeychain.swift */; };
		5EBE655D2B83438A00C9EE04 /* TabBarCoordinator.swift in Sources */ = {isa = PBXBuildFile; fileRef = 5EBE655C2B83438A00C9EE04 /* TabBarCoordinator.swift */; };
		5EBE655F2B8366CD00C9EE04 /* JobService.swift in Sources */ = {isa = PBXBuildFile; fileRef = 5EBE655E2B8366CD00C9EE04 /* JobService.swift */; };
		5EBE65692B83A53A00C9EE04 /* SeekmaxAPI in Frameworks */ = {isa = PBXBuildFile; productRef = 5EBE65682B83A53A00C9EE04 /* SeekmaxAPI */; };
		5EBE656B2B83ABC600C9EE04 /* NetworkErrors.swift in Sources */ = {isa = PBXBuildFile; fileRef = 5EBE656A2B83ABC600C9EE04 /* NetworkErrors.swift */; };
		5EBE656D2B83AD8D00C9EE04 /* JobListViewModel.swift in Sources */ = {isa = PBXBuildFile; fileRef = 5EBE656C2B83AD8D00C9EE04 /* JobListViewModel.swift */; };
/* End PBXBuildFile section */

/* Begin PBXContainerItemProxy section */
		5E9F17F52B80787600A33FED /* PBXContainerItemProxy */ = {
			isa = PBXContainerItemProxy;
			containerPortal = 5E9F17D62B80787500A33FED /* Project object */;
			proxyType = 1;
			remoteGlobalIDString = 5E9F17DD2B80787500A33FED;
			remoteInfo = seekmaxCodetest;
		};
		5E9F17FF2B80787600A33FED /* PBXContainerItemProxy */ = {
			isa = PBXContainerItemProxy;
			containerPortal = 5E9F17D62B80787500A33FED /* Project object */;
			proxyType = 1;
			remoteGlobalIDString = 5E9F17DD2B80787500A33FED;
			remoteInfo = seekmaxCodetest;
		};
/* End PBXContainerItemProxy section */

/* Begin PBXFileReference section */
		5E9F17DE2B80787500A33FED /* seekmaxCodetest.app */ = {isa = PBXFileReference; explicitFileType = wrapper.application; includeInIndex = 0; path = seekmaxCodetest.app; sourceTree = BUILT_PRODUCTS_DIR; };
		5E9F17E12B80787500A33FED /* AppDelegate.swift */ = {isa = PBXFileReference; lastKnownFileType = sourcecode.swift; path = AppDelegate.swift; sourceTree = "<group>"; };
		5E9F17E32B80787500A33FED /* SceneDelegate.swift */ = {isa = PBXFileReference; lastKnownFileType = sourcecode.swift; path = SceneDelegate.swift; sourceTree = "<group>"; };
		5E9F17E52B80787500A33FED /* JobsViewController.swift */ = {isa = PBXFileReference; lastKnownFileType = sourcecode.swift; path = JobsViewController.swift; sourceTree = "<group>"; };
		5E9F17EA2B80787600A33FED /* Assets.xcassets */ = {isa = PBXFileReference; lastKnownFileType = folder.assetcatalog; path = Assets.xcassets; sourceTree = "<group>"; };
		5E9F17EF2B80787600A33FED /* Info.plist */ = {isa = PBXFileReference; lastKnownFileType = text.plist.xml; path = Info.plist; sourceTree = "<group>"; };
		5E9F17F42B80787600A33FED /* seekmaxCodetestTests.xctest */ = {isa = PBXFileReference; explicitFileType = wrapper.cfbundle; includeInIndex = 0; path = seekmaxCodetestTests.xctest; sourceTree = BUILT_PRODUCTS_DIR; };
		5E9F17F82B80787600A33FED /* LoginViewModelTests.swift */ = {isa = PBXFileReference; lastKnownFileType = sourcecode.swift; path = LoginViewModelTests.swift; sourceTree = "<group>"; };
		5E9F17FE2B80787600A33FED /* seekmaxCodetestUITests.xctest */ = {isa = PBXFileReference; explicitFileType = wrapper.cfbundle; includeInIndex = 0; path = seekmaxCodetestUITests.xctest; sourceTree = BUILT_PRODUCTS_DIR; };
		5E9F18022B80787600A33FED /* seekmaxCodetestUITests.swift */ = {isa = PBXFileReference; lastKnownFileType = sourcecode.swift; path = seekmaxCodetestUITests.swift; sourceTree = "<group>"; };
		5E9F18042B80787600A33FED /* seekmaxCodetestUITestsLaunchTests.swift */ = {isa = PBXFileReference; lastKnownFileType = sourcecode.swift; path = seekmaxCodetestUITestsLaunchTests.swift; sourceTree = "<group>"; };
		5E9F18112B807EBD00A33FED /* TabBarViewController.swift */ = {isa = PBXFileReference; lastKnownFileType = sourcecode.swift; path = TabBarViewController.swift; sourceTree = "<group>"; };
		5E9F18142B807F7E00A33FED /* ProfileViewController.swift */ = {isa = PBXFileReference; lastKnownFileType = sourcecode.swift; path = ProfileViewController.swift; sourceTree = "<group>"; };
		5E9F18162B807FD900A33FED /* AppliedJobsViewController.swift */ = {isa = PBXFileReference; lastKnownFileType = sourcecode.swift; path = AppliedJobsViewController.swift; sourceTree = "<group>"; };
		5E9F18182B807FF300A33FED /* LoginViewController.swift */ = {isa = PBXFileReference; lastKnownFileType = sourcecode.swift; path = LoginViewController.swift; sourceTree = "<group>"; };
		5E9F182A2B8128F700A33FED /* LoginService.swift */ = {isa = PBXFileReference; lastKnownFileType = sourcecode.swift; path = LoginService.swift; sourceTree = "<group>"; };
		5E9F18312B812B8E00A33FED /* NetworkClient.swift */ = {isa = PBXFileReference; lastKnownFileType = sourcecode.swift; path = NetworkClient.swift; sourceTree = "<group>"; };
		5EBE653A2B81F9FC00C9EE04 /* Extension+Autolayout.swift */ = {isa = PBXFileReference; lastKnownFileType = sourcecode.swift; path = "Extension+Autolayout.swift"; sourceTree = "<group>"; };
		5EBE653E2B81FEC700C9EE04 /* Theme.swift */ = {isa = PBXFileReference; lastKnownFileType = sourcecode.swift; path = Theme.swift; sourceTree = "<group>"; };
		5EBE65422B8207FD00C9EE04 /* Extension+Color.swift */ = {isa = PBXFileReference; lastKnownFileType = sourcecode.swift; path = "Extension+Color.swift"; sourceTree = "<group>"; };
		5EBE65442B82570D00C9EE04 /* AppCoordinator.swift */ = {isa = PBXFileReference; lastKnownFileType = sourcecode.swift; path = AppCoordinator.swift; sourceTree = "<group>"; };
		5EBE654B2B825BA000C9EE04 /* LoginViewModel.swift */ = {isa = PBXFileReference; lastKnownFileType = sourcecode.swift; path = LoginViewModel.swift; sourceTree = "<group>"; };
		5EBE65512B82E72900C9EE04 /* KeychainWrapper.swift */ = {isa = PBXFileReference; lastKnownFileType = sourcecode.swift; path = KeychainWrapper.swift; sourceTree = "<group>"; };
		5EBE65532B82ED9400C9EE04 /* Constant.swift */ = {isa = PBXFileReference; lastKnownFileType = sourcecode.swift; path = Constant.swift; sourceTree = "<group>"; };
		5EBE65552B8312F600C9EE04 /* LoginCoordinator.swift */ = {isa = PBXFileReference; lastKnownFileType = sourcecode.swift; path = LoginCoordinator.swift; sourceTree = "<group>"; };
		5EBE65582B833C2800C9EE04 /* MockLoginService.swift */ = {isa = PBXFileReference; lastKnownFileType = sourcecode.swift; path = MockLoginService.swift; sourceTree = "<group>"; };
		5EBE655A2B833C3500C9EE04 /* MockKeychain.swift */ = {isa = PBXFileReference; lastKnownFileType = sourcecode.swift; path = MockKeychain.swift; sourceTree = "<group>"; };
		5EBE655C2B83438A00C9EE04 /* TabBarCoordinator.swift */ = {isa = PBXFileReference; lastKnownFileType = sourcecode.swift; path = TabBarCoordinator.swift; sourceTree = "<group>"; };
		5EBE655E2B8366CD00C9EE04 /* JobService.swift */ = {isa = PBXFileReference; lastKnownFileType = sourcecode.swift; path = JobService.swift; sourceTree = "<group>"; };
		5EBE65632B83A3B300C9EE04 /* LoginMutation.graphql */ = {isa = PBXFileReference; lastKnownFileType = file; name = LoginMutation.graphql; path = graphql/LoginMutation.graphql; sourceTree = SOURCE_ROOT; };
		5EBE65642B83A3B300C9EE04 /* GetActiveJobsQuery.graphql */ = {isa = PBXFileReference; lastKnownFileType = file; name = GetActiveJobsQuery.graphql; path = graphql/GetActiveJobsQuery.graphql; sourceTree = SOURCE_ROOT; };
		5EBE656A2B83ABC600C9EE04 /* NetworkErrors.swift */ = {isa = PBXFileReference; lastKnownFileType = sourcecode.swift; path = NetworkErrors.swift; sourceTree = "<group>"; };
		5EBE656C2B83AD8D00C9EE04 /* JobListViewModel.swift */ = {isa = PBXFileReference; lastKnownFileType = sourcecode.swift; path = JobListViewModel.swift; sourceTree = "<group>"; };
/* End PBXFileReference section */

/* Begin PBXFrameworksBuildPhase section */
		5E9F17DB2B80787500A33FED /* Frameworks */ = {
			isa = PBXFrameworksBuildPhase;
			buildActionMask = 2147483647;
			files = (
				5EBE65502B8260DF00C9EE04 /* KeychainSwift in Frameworks */,
				5E9F18202B80A96600A33FED /* ApolloAPI in Frameworks */,
				5E9F18272B80A9AA00A33FED /* ApolloWebSocket in Frameworks */,
				5EBE65692B83A53A00C9EE04 /* SeekmaxAPI in Frameworks */,
				5E9F18222B80A96600A33FED /* ApolloSQLite in Frameworks */,
				5E9F181C2B80A96600A33FED /* Apollo in Frameworks */,
			);
			runOnlyForDeploymentPostprocessing = 0;
		};
		5E9F17F12B80787600A33FED /* Frameworks */ = {
			isa = PBXFrameworksBuildPhase;
			buildActionMask = 2147483647;
			files = (
				5E9F18242B80A96600A33FED /* ApolloTestSupport in Frameworks */,
			);
			runOnlyForDeploymentPostprocessing = 0;
		};
		5E9F17FB2B80787600A33FED /* Frameworks */ = {
			isa = PBXFrameworksBuildPhase;
			buildActionMask = 2147483647;
			files = (
			);
			runOnlyForDeploymentPostprocessing = 0;
		};
/* End PBXFrameworksBuildPhase section */

/* Begin PBXGroup section */
		5E9F17D52B80787500A33FED = {
			isa = PBXGroup;
			children = (
				5E9F17E02B80787500A33FED /* seekmaxCodetest */,
				5E9F17F72B80787600A33FED /* seekmaxCodetestTests */,
				5E9F18012B80787600A33FED /* seekmaxCodetestUITests */,
				5E9F17DF2B80787500A33FED /* Products */,
				5E9F18252B80A9AA00A33FED /* Frameworks */,
			);
			sourceTree = "<group>";
		};
		5E9F17DF2B80787500A33FED /* Products */ = {
			isa = PBXGroup;
			children = (
				5E9F17DE2B80787500A33FED /* seekmaxCodetest.app */,
				5E9F17F42B80787600A33FED /* seekmaxCodetestTests.xctest */,
				5E9F17FE2B80787600A33FED /* seekmaxCodetestUITests.xctest */,
			);
			name = Products;
			sourceTree = "<group>";
		};
		5E9F17E02B80787500A33FED /* seekmaxCodetest */ = {
			isa = PBXGroup;
			children = (
				5EBE654D2B825CF800C9EE04 /* Screen */,
				5EBE653D2B81FEAC00C9EE04 /* Utils */,
				5EBE653C2B81FA1600C9EE04 /* Extension */,
				5E9F18292B8128E200A33FED /* Service */,
				5E9F17E12B80787500A33FED /* AppDelegate.swift */,
				5E9F17E32B80787500A33FED /* SceneDelegate.swift */,
				5EBE65442B82570D00C9EE04 /* AppCoordinator.swift */,
				5E9F17EA2B80787600A33FED /* Assets.xcassets */,
				5E9F17EF2B80787600A33FED /* Info.plist */,
			);
			path = seekmaxCodetest;
			sourceTree = "<group>";
		};
		5E9F17F72B80787600A33FED /* seekmaxCodetestTests */ = {
			isa = PBXGroup;
			children = (
				5EBE65572B833BEB00C9EE04 /* Mock */,
				5E9F17F82B80787600A33FED /* LoginViewModelTests.swift */,
			);
			path = seekmaxCodetestTests;
			sourceTree = "<group>";
		};
		5E9F18012B80787600A33FED /* seekmaxCodetestUITests */ = {
			isa = PBXGroup;
			children = (
				5E9F18022B80787600A33FED /* seekmaxCodetestUITests.swift */,
				5E9F18042B80787600A33FED /* seekmaxCodetestUITestsLaunchTests.swift */,
			);
			path = seekmaxCodetestUITests;
			sourceTree = "<group>";
		};
		5E9F18252B80A9AA00A33FED /* Frameworks */ = {
			isa = PBXGroup;
			children = (
			);
			name = Frameworks;
			sourceTree = "<group>";
		};
		5E9F18292B8128E200A33FED /* Service */ = {
			isa = PBXGroup;
			children = (
				5EBE65622B83A1F700C9EE04 /* GraphQL */,
				5E9F18312B812B8E00A33FED /* NetworkClient.swift */,
				5E9F182A2B8128F700A33FED /* LoginService.swift */,
				5EBE655E2B8366CD00C9EE04 /* JobService.swift */,
				5EBE656A2B83ABC600C9EE04 /* NetworkErrors.swift */,
			);
			path = Service;
			sourceTree = "<group>";
		};
		5EBE653C2B81FA1600C9EE04 /* Extension */ = {
			isa = PBXGroup;
			children = (
				5EBE653A2B81F9FC00C9EE04 /* Extension+Autolayout.swift */,
				5EBE65422B8207FD00C9EE04 /* Extension+Color.swift */,
			);
			path = Extension;
			sourceTree = "<group>";
		};
		5EBE653D2B81FEAC00C9EE04 /* Utils */ = {
			isa = PBXGroup;
			children = (
				5EBE653E2B81FEC700C9EE04 /* Theme.swift */,
				5EBE65512B82E72900C9EE04 /* KeychainWrapper.swift */,
				5EBE65532B82ED9400C9EE04 /* Constant.swift */,
			);
			path = Utils;
			sourceTree = "<group>";
		};
		5EBE65462B825B0400C9EE04 /* Login */ = {
			isa = PBXGroup;
			children = (
				5E9F18182B807FF300A33FED /* LoginViewController.swift */,
				5EBE654B2B825BA000C9EE04 /* LoginViewModel.swift */,
				5EBE65552B8312F600C9EE04 /* LoginCoordinator.swift */,
			);
			path = Login;
			sourceTree = "<group>";
		};
		5EBE65472B825B1000C9EE04 /* JobList */ = {
			isa = PBXGroup;
			children = (
				5E9F17E52B80787500A33FED /* JobsViewController.swift */,
				5EBE656C2B83AD8D00C9EE04 /* JobListViewModel.swift */,
			);
			path = JobList;
			sourceTree = "<group>";
		};
		5EBE65482B825B3000C9EE04 /* JobDetail */ = {
			isa = PBXGroup;
			children = (
			);
			path = JobDetail;
			sourceTree = "<group>";
		};
		5EBE65492B825B4800C9EE04 /* Profile */ = {
			isa = PBXGroup;
			children = (
				5E9F18142B807F7E00A33FED /* ProfileViewController.swift */,
			);
			path = Profile;
			sourceTree = "<group>";
		};
		5EBE654A2B825B6300C9EE04 /* AppliedJobs */ = {
			isa = PBXGroup;
			children = (
				5E9F18162B807FD900A33FED /* AppliedJobsViewController.swift */,
			);
			path = AppliedJobs;
			sourceTree = "<group>";
		};
		5EBE654D2B825CF800C9EE04 /* Screen */ = {
			isa = PBXGroup;
			children = (
				5E9F18112B807EBD00A33FED /* TabBarViewController.swift */,
				5EBE655C2B83438A00C9EE04 /* TabBarCoordinator.swift */,
				5EBE654A2B825B6300C9EE04 /* AppliedJobs */,
				5EBE65492B825B4800C9EE04 /* Profile */,
				5EBE65482B825B3000C9EE04 /* JobDetail */,
				5EBE65472B825B1000C9EE04 /* JobList */,
				5EBE65462B825B0400C9EE04 /* Login */,
			);
			path = Screen;
			sourceTree = "<group>";
		};
		5EBE65572B833BEB00C9EE04 /* Mock */ = {
			isa = PBXGroup;
			children = (
				5EBE65582B833C2800C9EE04 /* MockLoginService.swift */,
				5EBE655A2B833C3500C9EE04 /* MockKeychain.swift */,
			);
			path = Mock;
			sourceTree = "<group>";
		};
		5EBE65622B83A1F700C9EE04 /* GraphQL */ = {
			isa = PBXGroup;
			children = (
				5EBE65642B83A3B300C9EE04 /* GetActiveJobsQuery.graphql */,
				5EBE65632B83A3B300C9EE04 /* LoginMutation.graphql */,
			);
			path = GraphQL;
			sourceTree = "<group>";
		};
/* End PBXGroup section */

/* Begin PBXNativeTarget section */
		5E9F17DD2B80787500A33FED /* seekmaxCodetest */ = {
			isa = PBXNativeTarget;
			buildConfigurationList = 5E9F18082B80787600A33FED /* Build configuration list for PBXNativeTarget "seekmaxCodetest" */;
			buildPhases = (
				5E9F17DA2B80787500A33FED /* Sources */,
				5E9F17DB2B80787500A33FED /* Frameworks */,
				5E9F17DC2B80787500A33FED /* Resources */,
			);
			buildRules = (
			);
			dependencies = (
			);
			name = seekmaxCodetest;
			packageProductDependencies = (
				5E9F181B2B80A96600A33FED /* Apollo */,
				5E9F181F2B80A96600A33FED /* ApolloAPI */,
				5E9F18212B80A96600A33FED /* ApolloSQLite */,
				5E9F18262B80A9AA00A33FED /* ApolloWebSocket */,
				5EBE654F2B8260DF00C9EE04 /* KeychainSwift */,
				5EBE65682B83A53A00C9EE04 /* SeekmaxAPI */,
			);
			productName = seekmaxCodetest;
			productReference = 5E9F17DE2B80787500A33FED /* seekmaxCodetest.app */;
			productType = "com.apple.product-type.application";
		};
		5E9F17F32B80787600A33FED /* seekmaxCodetestTests */ = {
			isa = PBXNativeTarget;
			buildConfigurationList = 5E9F180B2B80787600A33FED /* Build configuration list for PBXNativeTarget "seekmaxCodetestTests" */;
			buildPhases = (
				5E9F17F02B80787600A33FED /* Sources */,
				5E9F17F12B80787600A33FED /* Frameworks */,
				5E9F17F22B80787600A33FED /* Resources */,
			);
			buildRules = (
			);
			dependencies = (
				5E9F17F62B80787600A33FED /* PBXTargetDependency */,
			);
			name = seekmaxCodetestTests;
			packageProductDependencies = (
				5E9F18232B80A96600A33FED /* ApolloTestSupport */,
			);
			productName = seekmaxCodetestTests;
			productReference = 5E9F17F42B80787600A33FED /* seekmaxCodetestTests.xctest */;
			productType = "com.apple.product-type.bundle.unit-test";
		};
		5E9F17FD2B80787600A33FED /* seekmaxCodetestUITests */ = {
			isa = PBXNativeTarget;
			buildConfigurationList = 5E9F180E2B80787600A33FED /* Build configuration list for PBXNativeTarget "seekmaxCodetestUITests" */;
			buildPhases = (
				5E9F17FA2B80787600A33FED /* Sources */,
				5E9F17FB2B80787600A33FED /* Frameworks */,
				5E9F17FC2B80787600A33FED /* Resources */,
			);
			buildRules = (
			);
			dependencies = (
				5E9F18002B80787600A33FED /* PBXTargetDependency */,
			);
			name = seekmaxCodetestUITests;
			productName = seekmaxCodetestUITests;
			productReference = 5E9F17FE2B80787600A33FED /* seekmaxCodetestUITests.xctest */;
			productType = "com.apple.product-type.bundle.ui-testing";
		};
/* End PBXNativeTarget section */

/* Begin PBXProject section */
		5E9F17D62B80787500A33FED /* Project object */ = {
			isa = PBXProject;
			attributes = {
				BuildIndependentTargetsInParallel = 1;
				LastSwiftUpdateCheck = 1520;
				LastUpgradeCheck = 1520;
				TargetAttributes = {
					5E9F17DD2B80787500A33FED = {
						CreatedOnToolsVersion = 15.2;
					};
					5E9F17F32B80787600A33FED = {
						CreatedOnToolsVersion = 15.2;
						TestTargetID = 5E9F17DD2B80787500A33FED;
					};
					5E9F17FD2B80787600A33FED = {
						CreatedOnToolsVersion = 15.2;
						TestTargetID = 5E9F17DD2B80787500A33FED;
					};
				};
			};
			buildConfigurationList = 5E9F17D92B80787500A33FED /* Build configuration list for PBXProject "seekmaxCodetest" */;
			compatibilityVersion = "Xcode 14.0";
			developmentRegion = en;
			hasScannedForEncodings = 0;
			knownRegions = (
				en,
				Base,
			);
			mainGroup = 5E9F17D52B80787500A33FED;
			packageReferences = (
				5E9F181A2B80A96600A33FED /* XCRemoteSwiftPackageReference "apollo-ios" */,
				5EBE654E2B8260DF00C9EE04 /* XCRemoteSwiftPackageReference "keychain-swift" */,
				5EBE65672B83A53A00C9EE04 /* XCLocalSwiftPackageReference "SeekmaxAPI" */,
			);
			productRefGroup = 5E9F17DF2B80787500A33FED /* Products */;
			projectDirPath = "";
			projectRoot = "";
			targets = (
				5E9F17DD2B80787500A33FED /* seekmaxCodetest */,
				5E9F17F32B80787600A33FED /* seekmaxCodetestTests */,
				5E9F17FD2B80787600A33FED /* seekmaxCodetestUITests */,
			);
		};
/* End PBXProject section */

/* Begin PBXResourcesBuildPhase section */
		5E9F17DC2B80787500A33FED /* Resources */ = {
			isa = PBXResourcesBuildPhase;
			buildActionMask = 2147483647;
			files = (
				5E9F17EB2B80787600A33FED /* Assets.xcassets in Resources */,
			);
			runOnlyForDeploymentPostprocessing = 0;
		};
		5E9F17F22B80787600A33FED /* Resources */ = {
			isa = PBXResourcesBuildPhase;
			buildActionMask = 2147483647;
			files = (
			);
			runOnlyForDeploymentPostprocessing = 0;
		};
		5E9F17FC2B80787600A33FED /* Resources */ = {
			isa = PBXResourcesBuildPhase;
			buildActionMask = 2147483647;
			files = (
			);
			runOnlyForDeploymentPostprocessing = 0;
		};
/* End PBXResourcesBuildPhase section */

/* Begin PBXSourcesBuildPhase section */
		5E9F17DA2B80787500A33FED /* Sources */ = {
			isa = PBXSourcesBuildPhase;
			buildActionMask = 2147483647;
			files = (
				5EBE65562B8312F600C9EE04 /* LoginCoordinator.swift in Sources */,
				5E9F18192B807FF300A33FED /* LoginViewController.swift in Sources */,
				5E9F18122B807EBD00A33FED /* TabBarViewController.swift in Sources */,
				5EBE65452B82570D00C9EE04 /* AppCoordinator.swift in Sources */,
				5EBE65542B82ED9400C9EE04 /* Constant.swift in Sources */,
				5E9F17E62B80787500A33FED /* JobsViewController.swift in Sources */,
				5E9F18152B807F7E00A33FED /* ProfileViewController.swift in Sources */,
				5EBE653F2B81FEC700C9EE04 /* Theme.swift in Sources */,
				5EBE655F2B8366CD00C9EE04 /* JobService.swift in Sources */,
				5EBE656D2B83AD8D00C9EE04 /* JobListViewModel.swift in Sources */,
				5EBE654C2B825BA000C9EE04 /* LoginViewModel.swift in Sources */,
				5E9F17E22B80787500A33FED /* AppDelegate.swift in Sources */,
				5EBE65522B82E72900C9EE04 /* KeychainWrapper.swift in Sources */,
				5E9F18322B812B8E00A33FED /* NetworkClient.swift in Sources */,
				5E9F18172B807FD900A33FED /* AppliedJobsViewController.swift in Sources */,
				5E9F17E42B80787500A33FED /* SceneDelegate.swift in Sources */,
				5EBE655D2B83438A00C9EE04 /* TabBarCoordinator.swift in Sources */,
				5EBE653B2B81F9FC00C9EE04 /* Extension+Autolayout.swift in Sources */,
				5EBE656B2B83ABC600C9EE04 /* NetworkErrors.swift in Sources */,
				5EBE65432B8207FD00C9EE04 /* Extension+Color.swift in Sources */,
				5E9F182B2B8128F700A33FED /* LoginService.swift in Sources */,
			);
			runOnlyForDeploymentPostprocessing = 0;
		};
		5E9F17F02B80787600A33FED /* Sources */ = {
			isa = PBXSourcesBuildPhase;
			buildActionMask = 2147483647;
			files = (
				5E9F17F92B80787600A33FED /* LoginViewModelTests.swift in Sources */,
				5EBE655B2B833C3500C9EE04 /* MockKeychain.swift in Sources */,
				5EBE65592B833C2800C9EE04 /* MockLoginService.swift in Sources */,
			);
			runOnlyForDeploymentPostprocessing = 0;
		};
		5E9F17FA2B80787600A33FED /* Sources */ = {
			isa = PBXSourcesBuildPhase;
			buildActionMask = 2147483647;
			files = (
				5E9F18052B80787600A33FED /* seekmaxCodetestUITestsLaunchTests.swift in Sources */,
				5E9F18032B80787600A33FED /* seekmaxCodetestUITests.swift in Sources */,
			);
			runOnlyForDeploymentPostprocessing = 0;
		};
/* End PBXSourcesBuildPhase section */

/* Begin PBXTargetDependency section */
		5E9F17F62B80787600A33FED /* PBXTargetDependency */ = {
			isa = PBXTargetDependency;
			target = 5E9F17DD2B80787500A33FED /* seekmaxCodetest */;
			targetProxy = 5E9F17F52B80787600A33FED /* PBXContainerItemProxy */;
		};
		5E9F18002B80787600A33FED /* PBXTargetDependency */ = {
			isa = PBXTargetDependency;
			target = 5E9F17DD2B80787500A33FED /* seekmaxCodetest */;
			targetProxy = 5E9F17FF2B80787600A33FED /* PBXContainerItemProxy */;
		};
/* End PBXTargetDependency section */

/* Begin XCBuildConfiguration section */
		5E9F18062B80787600A33FED /* Debug */ = {
			isa = XCBuildConfiguration;
			buildSettings = {
				ALWAYS_SEARCH_USER_PATHS = NO;
				ASSETCATALOG_COMPILER_GENERATE_SWIFT_ASSET_SYMBOL_EXTENSIONS = YES;
				CLANG_ANALYZER_NONNULL = YES;
				CLANG_ANALYZER_NUMBER_OBJECT_CONVERSION = YES_AGGRESSIVE;
				CLANG_CXX_LANGUAGE_STANDARD = "gnu++20";
				CLANG_ENABLE_MODULES = YES;
				CLANG_ENABLE_OBJC_ARC = YES;
				CLANG_ENABLE_OBJC_WEAK = YES;
				CLANG_WARN_BLOCK_CAPTURE_AUTORELEASING = YES;
				CLANG_WARN_BOOL_CONVERSION = YES;
				CLANG_WARN_COMMA = YES;
				CLANG_WARN_CONSTANT_CONVERSION = YES;
				CLANG_WARN_DEPRECATED_OBJC_IMPLEMENTATIONS = YES;
				CLANG_WARN_DIRECT_OBJC_ISA_USAGE = YES_ERROR;
				CLANG_WARN_DOCUMENTATION_COMMENTS = YES;
				CLANG_WARN_EMPTY_BODY = YES;
				CLANG_WARN_ENUM_CONVERSION = YES;
				CLANG_WARN_INFINITE_RECURSION = YES;
				CLANG_WARN_INT_CONVERSION = YES;
				CLANG_WARN_NON_LITERAL_NULL_CONVERSION = YES;
				CLANG_WARN_OBJC_IMPLICIT_RETAIN_SELF = YES;
				CLANG_WARN_OBJC_LITERAL_CONVERSION = YES;
				CLANG_WARN_OBJC_ROOT_CLASS = YES_ERROR;
				CLANG_WARN_QUOTED_INCLUDE_IN_FRAMEWORK_HEADER = YES;
				CLANG_WARN_RANGE_LOOP_ANALYSIS = YES;
				CLANG_WARN_STRICT_PROTOTYPES = YES;
				CLANG_WARN_SUSPICIOUS_MOVE = YES;
				CLANG_WARN_UNGUARDED_AVAILABILITY = YES_AGGRESSIVE;
				CLANG_WARN_UNREACHABLE_CODE = YES;
				CLANG_WARN__DUPLICATE_METHOD_MATCH = YES;
				COPY_PHASE_STRIP = NO;
				DEBUG_INFORMATION_FORMAT = dwarf;
				ENABLE_STRICT_OBJC_MSGSEND = YES;
				ENABLE_TESTABILITY = YES;
				ENABLE_USER_SCRIPT_SANDBOXING = YES;
				GCC_C_LANGUAGE_STANDARD = gnu17;
				GCC_DYNAMIC_NO_PIC = NO;
				GCC_NO_COMMON_BLOCKS = YES;
				GCC_OPTIMIZATION_LEVEL = 0;
				GCC_PREPROCESSOR_DEFINITIONS = (
					"DEBUG=1",
					"$(inherited)",
				);
				GCC_WARN_64_TO_32_BIT_CONVERSION = YES;
				GCC_WARN_ABOUT_RETURN_TYPE = YES_ERROR;
				GCC_WARN_UNDECLARED_SELECTOR = YES;
				GCC_WARN_UNINITIALIZED_AUTOS = YES_AGGRESSIVE;
				GCC_WARN_UNUSED_FUNCTION = YES;
				GCC_WARN_UNUSED_VARIABLE = YES;
				IPHONEOS_DEPLOYMENT_TARGET = 17.2;
				LOCALIZATION_PREFERS_STRING_CATALOGS = YES;
				MTL_ENABLE_DEBUG_INFO = INCLUDE_SOURCE;
				MTL_FAST_MATH = YES;
				ONLY_ACTIVE_ARCH = YES;
				SDKROOT = iphoneos;
				SWIFT_ACTIVE_COMPILATION_CONDITIONS = "DEBUG $(inherited)";
				SWIFT_OPTIMIZATION_LEVEL = "-Onone";
			};
			name = Debug;
		};
		5E9F18072B80787600A33FED /* Release */ = {
			isa = XCBuildConfiguration;
			buildSettings = {
				ALWAYS_SEARCH_USER_PATHS = NO;
				ASSETCATALOG_COMPILER_GENERATE_SWIFT_ASSET_SYMBOL_EXTENSIONS = YES;
				CLANG_ANALYZER_NONNULL = YES;
				CLANG_ANALYZER_NUMBER_OBJECT_CONVERSION = YES_AGGRESSIVE;
				CLANG_CXX_LANGUAGE_STANDARD = "gnu++20";
				CLANG_ENABLE_MODULES = YES;
				CLANG_ENABLE_OBJC_ARC = YES;
				CLANG_ENABLE_OBJC_WEAK = YES;
				CLANG_WARN_BLOCK_CAPTURE_AUTORELEASING = YES;
				CLANG_WARN_BOOL_CONVERSION = YES;
				CLANG_WARN_COMMA = YES;
				CLANG_WARN_CONSTANT_CONVERSION = YES;
				CLANG_WARN_DEPRECATED_OBJC_IMPLEMENTATIONS = YES;
				CLANG_WARN_DIRECT_OBJC_ISA_USAGE = YES_ERROR;
				CLANG_WARN_DOCUMENTATION_COMMENTS = YES;
				CLANG_WARN_EMPTY_BODY = YES;
				CLANG_WARN_ENUM_CONVERSION = YES;
				CLANG_WARN_INFINITE_RECURSION = YES;
				CLANG_WARN_INT_CONVERSION = YES;
				CLANG_WARN_NON_LITERAL_NULL_CONVERSION = YES;
				CLANG_WARN_OBJC_IMPLICIT_RETAIN_SELF = YES;
				CLANG_WARN_OBJC_LITERAL_CONVERSION = YES;
				CLANG_WARN_OBJC_ROOT_CLASS = YES_ERROR;
				CLANG_WARN_QUOTED_INCLUDE_IN_FRAMEWORK_HEADER = YES;
				CLANG_WARN_RANGE_LOOP_ANALYSIS = YES;
				CLANG_WARN_STRICT_PROTOTYPES = YES;
				CLANG_WARN_SUSPICIOUS_MOVE = YES;
				CLANG_WARN_UNGUARDED_AVAILABILITY = YES_AGGRESSIVE;
				CLANG_WARN_UNREACHABLE_CODE = YES;
				CLANG_WARN__DUPLICATE_METHOD_MATCH = YES;
				COPY_PHASE_STRIP = NO;
				DEBUG_INFORMATION_FORMAT = "dwarf-with-dsym";
				ENABLE_NS_ASSERTIONS = NO;
				ENABLE_STRICT_OBJC_MSGSEND = YES;
				ENABLE_USER_SCRIPT_SANDBOXING = YES;
				GCC_C_LANGUAGE_STANDARD = gnu17;
				GCC_NO_COMMON_BLOCKS = YES;
				GCC_WARN_64_TO_32_BIT_CONVERSION = YES;
				GCC_WARN_ABOUT_RETURN_TYPE = YES_ERROR;
				GCC_WARN_UNDECLARED_SELECTOR = YES;
				GCC_WARN_UNINITIALIZED_AUTOS = YES_AGGRESSIVE;
				GCC_WARN_UNUSED_FUNCTION = YES;
				GCC_WARN_UNUSED_VARIABLE = YES;
				IPHONEOS_DEPLOYMENT_TARGET = 17.2;
				LOCALIZATION_PREFERS_STRING_CATALOGS = YES;
				MTL_ENABLE_DEBUG_INFO = NO;
				MTL_FAST_MATH = YES;
				SDKROOT = iphoneos;
				SWIFT_COMPILATION_MODE = wholemodule;
				VALIDATE_PRODUCT = YES;
			};
			name = Release;
		};
		5E9F18092B80787600A33FED /* Debug */ = {
			isa = XCBuildConfiguration;
			buildSettings = {
				ASSETCATALOG_COMPILER_APPICON_NAME = AppIcon;
				ASSETCATALOG_COMPILER_GLOBAL_ACCENT_COLOR_NAME = AccentColor;
				CODE_SIGN_STYLE = Automatic;
				CURRENT_PROJECT_VERSION = 1;
				DEVELOPMENT_TEAM = 8NM54NQ7DU;
				GENERATE_INFOPLIST_FILE = YES;
				INFOPLIST_FILE = seekmaxCodetest/Info.plist;
				INFOPLIST_KEY_UIApplicationSupportsIndirectInputEvents = YES;
				INFOPLIST_KEY_UILaunchStoryboardName = LaunchScreen;
				INFOPLIST_KEY_UIMainStoryboardFile = "";
				INFOPLIST_KEY_UISupportedInterfaceOrientations_iPad = "UIInterfaceOrientationPortrait UIInterfaceOrientationPortraitUpsideDown UIInterfaceOrientationLandscapeLeft UIInterfaceOrientationLandscapeRight";
				INFOPLIST_KEY_UISupportedInterfaceOrientations_iPhone = "UIInterfaceOrientationPortrait UIInterfaceOrientationLandscapeLeft UIInterfaceOrientationLandscapeRight";
				LD_RUNPATH_SEARCH_PATHS = (
					"$(inherited)",
					"@executable_path/Frameworks",
				);
				MARKETING_VERSION = 1.0;
				PRODUCT_BUNDLE_IDENTIFIER = com.rachelfong.seekmaxCodetest;
				PRODUCT_NAME = "$(TARGET_NAME)";
				SWIFT_EMIT_LOC_STRINGS = YES;
				SWIFT_VERSION = 5.0;
				TARGETED_DEVICE_FAMILY = "1,2";
			};
			name = Debug;
		};
		5E9F180A2B80787600A33FED /* Release */ = {
			isa = XCBuildConfiguration;
			buildSettings = {
				ASSETCATALOG_COMPILER_APPICON_NAME = AppIcon;
				ASSETCATALOG_COMPILER_GLOBAL_ACCENT_COLOR_NAME = AccentColor;
				CODE_SIGN_STYLE = Automatic;
				CURRENT_PROJECT_VERSION = 1;
				DEVELOPMENT_TEAM = 8NM54NQ7DU;
				GENERATE_INFOPLIST_FILE = YES;
				INFOPLIST_FILE = seekmaxCodetest/Info.plist;
				INFOPLIST_KEY_UIApplicationSupportsIndirectInputEvents = YES;
				INFOPLIST_KEY_UILaunchStoryboardName = LaunchScreen;
				INFOPLIST_KEY_UIMainStoryboardFile = "";
				INFOPLIST_KEY_UISupportedInterfaceOrientations_iPad = "UIInterfaceOrientationPortrait UIInterfaceOrientationPortraitUpsideDown UIInterfaceOrientationLandscapeLeft UIInterfaceOrientationLandscapeRight";
				INFOPLIST_KEY_UISupportedInterfaceOrientations_iPhone = "UIInterfaceOrientationPortrait UIInterfaceOrientationLandscapeLeft UIInterfaceOrientationLandscapeRight";
				LD_RUNPATH_SEARCH_PATHS = (
					"$(inherited)",
					"@executable_path/Frameworks",
				);
				MARKETING_VERSION = 1.0;
				PRODUCT_BUNDLE_IDENTIFIER = com.rachelfong.seekmaxCodetest;
				PRODUCT_NAME = "$(TARGET_NAME)";
				SWIFT_EMIT_LOC_STRINGS = YES;
				SWIFT_VERSION = 5.0;
				TARGETED_DEVICE_FAMILY = "1,2";
			};
			name = Release;
		};
		5E9F180C2B80787600A33FED /* Debug */ = {
			isa = XCBuildConfiguration;
			buildSettings = {
				ALWAYS_EMBED_SWIFT_STANDARD_LIBRARIES = YES;
				BUNDLE_LOADER = "$(TEST_HOST)";
				CODE_SIGN_STYLE = Automatic;
				CURRENT_PROJECT_VERSION = 1;
				DEVELOPMENT_TEAM = 8NM54NQ7DU;
				GENERATE_INFOPLIST_FILE = YES;
				IPHONEOS_DEPLOYMENT_TARGET = 17.2;
				MARKETING_VERSION = 1.0;
				PRODUCT_BUNDLE_IDENTIFIER = com.rachelfong.seekmaxCodetestTests;
				PRODUCT_NAME = "$(TARGET_NAME)";
				SWIFT_EMIT_LOC_STRINGS = NO;
				SWIFT_VERSION = 5.0;
				TARGETED_DEVICE_FAMILY = "1,2";
				TEST_HOST = "$(BUILT_PRODUCTS_DIR)/seekmaxCodetest.app/$(BUNDLE_EXECUTABLE_FOLDER_PATH)/seekmaxCodetest";
			};
			name = Debug;
		};
		5E9F180D2B80787600A33FED /* Release */ = {
			isa = XCBuildConfiguration;
			buildSettings = {
				ALWAYS_EMBED_SWIFT_STANDARD_LIBRARIES = YES;
				BUNDLE_LOADER = "$(TEST_HOST)";
				CODE_SIGN_STYLE = Automatic;
				CURRENT_PROJECT_VERSION = 1;
				DEVELOPMENT_TEAM = 8NM54NQ7DU;
				GENERATE_INFOPLIST_FILE = YES;
				IPHONEOS_DEPLOYMENT_TARGET = 17.2;
				MARKETING_VERSION = 1.0;
				PRODUCT_BUNDLE_IDENTIFIER = com.rachelfong.seekmaxCodetestTests;
				PRODUCT_NAME = "$(TARGET_NAME)";
				SWIFT_EMIT_LOC_STRINGS = NO;
				SWIFT_VERSION = 5.0;
				TARGETED_DEVICE_FAMILY = "1,2";
				TEST_HOST = "$(BUILT_PRODUCTS_DIR)/seekmaxCodetest.app/$(BUNDLE_EXECUTABLE_FOLDER_PATH)/seekmaxCodetest";
			};
			name = Release;
		};
		5E9F180F2B80787600A33FED /* Debug */ = {
			isa = XCBuildConfiguration;
			buildSettings = {
				ALWAYS_EMBED_SWIFT_STANDARD_LIBRARIES = YES;
				CODE_SIGN_STYLE = Automatic;
				CURRENT_PROJECT_VERSION = 1;
				DEVELOPMENT_TEAM = 8NM54NQ7DU;
				GENERATE_INFOPLIST_FILE = YES;
				MARKETING_VERSION = 1.0;
				PRODUCT_BUNDLE_IDENTIFIER = com.rachelfong.seekmaxCodetestUITests;
				PRODUCT_NAME = "$(TARGET_NAME)";
				SWIFT_EMIT_LOC_STRINGS = NO;
				SWIFT_VERSION = 5.0;
				TARGETED_DEVICE_FAMILY = "1,2";
				TEST_TARGET_NAME = seekmaxCodetest;
			};
			name = Debug;
		};
		5E9F18102B80787600A33FED /* Release */ = {
			isa = XCBuildConfiguration;
			buildSettings = {
				ALWAYS_EMBED_SWIFT_STANDARD_LIBRARIES = YES;
				CODE_SIGN_STYLE = Automatic;
				CURRENT_PROJECT_VERSION = 1;
				DEVELOPMENT_TEAM = 8NM54NQ7DU;
				GENERATE_INFOPLIST_FILE = YES;
				MARKETING_VERSION = 1.0;
				PRODUCT_BUNDLE_IDENTIFIER = com.rachelfong.seekmaxCodetestUITests;
				PRODUCT_NAME = "$(TARGET_NAME)";
				SWIFT_EMIT_LOC_STRINGS = NO;
				SWIFT_VERSION = 5.0;
				TARGETED_DEVICE_FAMILY = "1,2";
				TEST_TARGET_NAME = seekmaxCodetest;
			};
			name = Release;
		};
/* End XCBuildConfiguration section */

/* Begin XCConfigurationList section */
		5E9F17D92B80787500A33FED /* Build configuration list for PBXProject "seekmaxCodetest" */ = {
			isa = XCConfigurationList;
			buildConfigurations = (
				5E9F18062B80787600A33FED /* Debug */,
				5E9F18072B80787600A33FED /* Release */,
			);
			defaultConfigurationIsVisible = 0;
			defaultConfigurationName = Release;
		};
		5E9F18082B80787600A33FED /* Build configuration list for PBXNativeTarget "seekmaxCodetest" */ = {
			isa = XCConfigurationList;
			buildConfigurations = (
				5E9F18092B80787600A33FED /* Debug */,
				5E9F180A2B80787600A33FED /* Release */,
			);
			defaultConfigurationIsVisible = 0;
			defaultConfigurationName = Release;
		};
		5E9F180B2B80787600A33FED /* Build configuration list for PBXNativeTarget "seekmaxCodetestTests" */ = {
			isa = XCConfigurationList;
			buildConfigurations = (
				5E9F180C2B80787600A33FED /* Debug */,
				5E9F180D2B80787600A33FED /* Release */,
			);
			defaultConfigurationIsVisible = 0;
			defaultConfigurationName = Release;
		};
		5E9F180E2B80787600A33FED /* Build configuration list for PBXNativeTarget "seekmaxCodetestUITests" */ = {
			isa = XCConfigurationList;
			buildConfigurations = (
				5E9F180F2B80787600A33FED /* Debug */,
				5E9F18102B80787600A33FED /* Release */,
			);
			defaultConfigurationIsVisible = 0;
			defaultConfigurationName = Release;
		};
/* End XCConfigurationList section */

/* Begin XCLocalSwiftPackageReference section */
		5EBE65672B83A53A00C9EE04 /* XCLocalSwiftPackageReference "SeekmaxAPI" */ = {
			isa = XCLocalSwiftPackageReference;
			relativePath = SeekmaxAPI;
		};
/* End XCLocalSwiftPackageReference section */

/* Begin XCRemoteSwiftPackageReference section */
		5E9F181A2B80A96600A33FED /* XCRemoteSwiftPackageReference "apollo-ios" */ = {
			isa = XCRemoteSwiftPackageReference;
			repositoryURL = "https://github.com/apollographql/apollo-ios";
			requirement = {
				kind = upToNextMajorVersion;
				minimumVersion = 1.9.0;
			};
		};
		5EBE654E2B8260DF00C9EE04 /* XCRemoteSwiftPackageReference "keychain-swift" */ = {
			isa = XCRemoteSwiftPackageReference;
			repositoryURL = "https://github.com/evgenyneu/keychain-swift.git";
			requirement = {
				kind = upToNextMajorVersion;
				minimumVersion = 21.0.0;
			};
		};
/* End XCRemoteSwiftPackageReference section */

/* Begin XCSwiftPackageProductDependency section */
		5E9F181B2B80A96600A33FED /* Apollo */ = {
			isa = XCSwiftPackageProductDependency;
			package = 5E9F181A2B80A96600A33FED /* XCRemoteSwiftPackageReference "apollo-ios" */;
			productName = Apollo;
		};
		5E9F181F2B80A96600A33FED /* ApolloAPI */ = {
			isa = XCSwiftPackageProductDependency;
			package = 5E9F181A2B80A96600A33FED /* XCRemoteSwiftPackageReference "apollo-ios" */;
			productName = ApolloAPI;
		};
		5E9F18212B80A96600A33FED /* ApolloSQLite */ = {
			isa = XCSwiftPackageProductDependency;
			package = 5E9F181A2B80A96600A33FED /* XCRemoteSwiftPackageReference "apollo-ios" */;
			productName = ApolloSQLite;
		};
		5E9F18232B80A96600A33FED /* ApolloTestSupport */ = {
			isa = XCSwiftPackageProductDependency;
			package = 5E9F181A2B80A96600A33FED /* XCRemoteSwiftPackageReference "apollo-ios" */;
			productName = ApolloTestSupport;
		};
		5E9F18262B80A9AA00A33FED /* ApolloWebSocket */ = {
			isa = XCSwiftPackageProductDependency;
			package = 5E9F181A2B80A96600A33FED /* XCRemoteSwiftPackageReference "apollo-ios" */;
			productName = ApolloWebSocket;
		};
		5EBE654F2B8260DF00C9EE04 /* KeychainSwift */ = {
			isa = XCSwiftPackageProductDependency;
			package = 5EBE654E2B8260DF00C9EE04 /* XCRemoteSwiftPackageReference "keychain-swift" */;
			productName = KeychainSwift;
		};
		5EBE65682B83A53A00C9EE04 /* SeekmaxAPI */ = {
			isa = XCSwiftPackageProductDependency;
			productName = SeekmaxAPI;
		};
/* End XCSwiftPackageProductDependency section */
	};
	rootObject = 5E9F17D62B80787500A33FED /* Project object */;
}
